
Microsoft Visual Studio Solution File, Format Version 12.00
# Visual Studio Version 17
VisualStudioVersion = 17.2.32630.192
MinimumVisualStudioVersion = 10.0.40219.1
Project("{FAE04EC0-301F-11D3-BF4B-00C04F79EFBC}") = "TriangelCalc", "TriangelCalc\TriangelCalc.csproj", "{D0810530-5601-4738-8CF3-BB97CB204DDD}"
EndProject
Project("{FAE04EC0-301F-11D3-BF4B-00C04F79EFBC}") = "Övning 5", "Övning 5\Övning 5.csproj", "{938EFD3D-987B-4DE7-B6BA-6F05C4EDF351}"
EndProject
Project("{FAE04EC0-301F-11D3-BF4B-00C04F79EFBC}") = "Övning 6", "Övning 6\Övning 6.csproj", "{C1058DC1-922D-439E-8ED7-5F67D3777E24}"
EndProject
Project("{FAE04EC0-301F-11D3-BF4B-00C04F79EFBC}") = "Övning 7", "Övning 7\Övning 7.csproj", "{2F8C6A6A-013C-40E8-8FE6-9A9B6CCA258C}"
EndProject
Global
	GlobalSection(SolutionConfigurationPlatforms) = preSolution
		Debug|Any CPU = Debug|Any CPU
		Release|Any CPU = Release|Any CPU
	EndGlobalSection
	GlobalSection(ProjectConfigurationPlatforms) = postSolution
		{D0810530-5601-4738-8CF3-BB97CB204DDD}.Debug|Any CPU.ActiveCfg = Debug|Any CPU
		{D0810530-5601-4738-8CF3-BB97CB204DDD}.Debug|Any CPU.Build.0 = Debug|Any CPU
		{D0810530-5601-4738-8CF3-BB97CB204DDD}.Release|Any CPU.ActiveCfg = Release|Any CPU
		{D0810530-5601-4738-8CF3-BB97CB204DDD}.Release|Any CPU.Build.0 = Release|Any CPU
		{938EFD3D-987B-4DE7-B6BA-6F05C4EDF351}.Debug|Any CPU.ActiveCfg = Debug|Any CPU
		{938EFD3D-987B-4DE7-B6BA-6F05C4EDF351}.Debug|Any CPU.Build.0 = Debug|Any CPU
		{938EFD3D-987B-4DE7-B6BA-6F05C4EDF351}.Release|Any CPU.ActiveCfg = Release|Any CPU
		{938EFD3D-987B-4DE7-B6BA-6F05C4EDF351}.Release|Any CPU.Build.0 = Release|Any CPU
		{C1058DC1-922D-439E-8ED7-5F67D3777E24}.Debug|Any CPU.ActiveCfg = Debug|Any CPU
		{C1058DC1-922D-439E-8ED7-5F67D3777E24}.Debug|Any CPU.Build.0 = Debug|Any CPU
		{C1058DC1-922D-439E-8ED7-5F67D3777E24}.Release|Any CPU.ActiveCfg = Release|Any CPU
		{C1058DC1-922D-439E-8ED7-5F67D3777E24}.Release|Any CPU.Build.0 = Release|Any CPU
		{2F8C6A6A-013C-40E8-8FE6-9A9B6CCA258C}.Debug|Any CPU.ActiveCfg = Debug|Any CPU
		{2F8C6A6A-013C-40E8-8FE6-9A9B6CCA258C}.Debug|Any CPU.Build.0 = Debug|Any CPU
		{2F8C6A6A-013C-40E8-8FE6-9A9B6CCA258C}.Release|Any CPU.ActiveCfg = Release|Any CPU
		{2F8C6A6A-013C-40E8-8FE6-9A9B6CCA258C}.Release|Any CPU.Build.0 = Release|Any CPU
	EndGlobalSection
	GlobalSection(SolutionProperties) = preSolution
		HideSolutionNode = FALSE
	EndGlobalSection
	GlobalSection(ExtensibilityGlobals) = postSolution
		SolutionGuid = {14396BA4-13A6-409D-AD4F-43D83B4556AD}
	EndGlobalSection
EndGlobal
